
Microsoft Visual Studio Solution File, Format Version 11.00
# Visual Studio 2010
Project("{FAE04EC0-301F-11D3-BF4B-00C04F79EFBC}") = "SkeeBallV3", "Assembly-CSharp.csproj", "{5CC2C6AC-BC7B-FD4D-F72D-28D79E74B06F}"
EndProject
Project("{FAE04EC0-301F-11D3-BF4B-00C04F79EFBC}") = "SkeeBallV3", "Assembly-CSharp-Editor.csproj", "{79B3B3CA-C7E4-F38F-1578-9B2200DB8BD8}"
EndProject
Global
	GlobalSection(SolutionConfigurationPlatforms) = preSolution
		Debug|Any CPU = Debug|Any CPU
		Release|Any CPU = Release|Any CPU
	EndGlobalSection
	GlobalSection(ProjectConfigurationPlatforms) = postSolution
		{5CC2C6AC-BC7B-FD4D-F72D-28D79E74B06F}.Debug|Any CPU.ActiveCfg = Debug|Any CPU
		{5CC2C6AC-BC7B-FD4D-F72D-28D79E74B06F}.Debug|Any CPU.Build.0 = Debug|Any CPU
		{5CC2C6AC-BC7B-FD4D-F72D-28D79E74B06F}.Release|Any CPU.ActiveCfg = Release|Any CPU
		{5CC2C6AC-BC7B-FD4D-F72D-28D79E74B06F}.Release|Any CPU.Build.0 = Release|Any CPU
		{79B3B3CA-C7E4-F38F-1578-9B2200DB8BD8}.Debug|Any CPU.ActiveCfg = Debug|Any CPU
		{79B3B3CA-C7E4-F38F-1578-9B2200DB8BD8}.Debug|Any CPU.Build.0 = Debug|Any CPU
		{79B3B3CA-C7E4-F38F-1578-9B2200DB8BD8}.Release|Any CPU.ActiveCfg = Release|Any CPU
		{79B3B3CA-C7E4-F38F-1578-9B2200DB8BD8}.Release|Any CPU.Build.0 = Release|Any CPU
	EndGlobalSection
	GlobalSection(SolutionProperties) = preSolution
		HideSolutionNode = FALSE
	EndGlobalSection
	GlobalSection(MonoDevelopProperties) = preSolution
		StartupItem = Assembly-CSharp.csproj
	EndGlobalSection
EndGlobal
